
Microsoft Visual Studio Solution File, Format Version 12.00
# Visual Studio Version 17
VisualStudioVersion = 17.11.35222.181
MinimumVisualStudioVersion = 10.0.40219.1
Project("{9A19103F-16F7-4668-BE54-9A1E7A4F7556}") = "Task1", "Task1\Task1.csproj", "{874FB8F7-0FEF-4011-9628-A909684AA74B}"
EndProject
Project("{9A19103F-16F7-4668-BE54-9A1E7A4F7556}") = "Task2", "Task2\Task2.csproj", "{241E0624-0C92-4CFF-B19F-71E89592CC4A}"
EndProject
Project("{9A19103F-16F7-4668-BE54-9A1E7A4F7556}") = "Task3", "Task3\Task3.csproj", "{ED930AA6-5D8C-402C-941C-D02C7CE4DA4B}"
EndProject
Project("{2150E333-8FDC-42A3-9474-1A3956D46DE8}") = "Вводное занятие", "Вводное занятие", "{33DE7D6D-F9CE-4C03-9BA1-FD9E6D7D6491}"
EndProject
Project("{2150E333-8FDC-42A3-9474-1A3956D46DE8}") = "Практическое занятие", "Практическое занятие", "{4B296141-6BA2-4F3A-8E4F-221B304786AA}"
EndProject
Project("{9A19103F-16F7-4668-BE54-9A1E7A4F7556}") = "Task1.1", "Task1.1\Task1.1.csproj", "{91471A0D-EE4C-4D1A-8D1C-6DBDA0690F3D}"
EndProject
Project("{9A19103F-16F7-4668-BE54-9A1E7A4F7556}") = "Task2.1", "Task2.1\Task2.1.csproj", "{E705C618-2AD9-4630-9753-AD344EF140F3}"
EndProject
Project("{9A19103F-16F7-4668-BE54-9A1E7A4F7556}") = "Task3.1", "Task3.1\Task3.1.csproj", "{CF58C8AF-BF0B-4734-BDEF-FE7975BCFBA9}"
EndProject
Project("{9A19103F-16F7-4668-BE54-9A1E7A4F7556}") = "Task4.1", "Task4.1\Task4.1.csproj", "{FB06005B-6FE2-4682-9747-4FDEE1597824}"
EndProject
Project("{2150E333-8FDC-42A3-9474-1A3956D46DE8}") = "z3", "z3", "{53CFAF44-30A3-4ECF-9DA5-4F46BB7D8493}"
EndProject
Project("{FAE04EC0-301F-11D3-BF4B-00C04F79EFBC}") = "Task", "Task\Task.csproj", "{098942EF-6442-4E55-9F49-778FB65DA726}"
EndProject
Global
	GlobalSection(SolutionConfigurationPlatforms) = preSolution
		Debug|Any CPU = Debug|Any CPU
		Release|Any CPU = Release|Any CPU
	EndGlobalSection
	GlobalSection(ProjectConfigurationPlatforms) = postSolution
		{874FB8F7-0FEF-4011-9628-A909684AA74B}.Debug|Any CPU.ActiveCfg = Debug|Any CPU
		{874FB8F7-0FEF-4011-9628-A909684AA74B}.Debug|Any CPU.Build.0 = Debug|Any CPU
		{874FB8F7-0FEF-4011-9628-A909684AA74B}.Release|Any CPU.ActiveCfg = Release|Any CPU
		{874FB8F7-0FEF-4011-9628-A909684AA74B}.Release|Any CPU.Build.0 = Release|Any CPU
		{241E0624-0C92-4CFF-B19F-71E89592CC4A}.Debug|Any CPU.ActiveCfg = Debug|Any CPU
		{241E0624-0C92-4CFF-B19F-71E89592CC4A}.Debug|Any CPU.Build.0 = Debug|Any CPU
		{241E0624-0C92-4CFF-B19F-71E89592CC4A}.Release|Any CPU.ActiveCfg = Release|Any CPU
		{241E0624-0C92-4CFF-B19F-71E89592CC4A}.Release|Any CPU.Build.0 = Release|Any CPU
		{ED930AA6-5D8C-402C-941C-D02C7CE4DA4B}.Debug|Any CPU.ActiveCfg = Debug|Any CPU
		{ED930AA6-5D8C-402C-941C-D02C7CE4DA4B}.Debug|Any CPU.Build.0 = Debug|Any CPU
		{ED930AA6-5D8C-402C-941C-D02C7CE4DA4B}.Release|Any CPU.ActiveCfg = Release|Any CPU
		{ED930AA6-5D8C-402C-941C-D02C7CE4DA4B}.Release|Any CPU.Build.0 = Release|Any CPU
		{91471A0D-EE4C-4D1A-8D1C-6DBDA0690F3D}.Debug|Any CPU.ActiveCfg = Debug|Any CPU
		{91471A0D-EE4C-4D1A-8D1C-6DBDA0690F3D}.Debug|Any CPU.Build.0 = Debug|Any CPU
		{91471A0D-EE4C-4D1A-8D1C-6DBDA0690F3D}.Release|Any CPU.ActiveCfg = Release|Any CPU
		{91471A0D-EE4C-4D1A-8D1C-6DBDA0690F3D}.Release|Any CPU.Build.0 = Release|Any CPU
		{E705C618-2AD9-4630-9753-AD344EF140F3}.Debug|Any CPU.ActiveCfg = Debug|Any CPU
		{E705C618-2AD9-4630-9753-AD344EF140F3}.Debug|Any CPU.Build.0 = Debug|Any CPU
		{E705C618-2AD9-4630-9753-AD344EF140F3}.Release|Any CPU.ActiveCfg = Release|Any CPU
		{E705C618-2AD9-4630-9753-AD344EF140F3}.Release|Any CPU.Build.0 = Release|Any CPU
		{CF58C8AF-BF0B-4734-BDEF-FE7975BCFBA9}.Debug|Any CPU.ActiveCfg = Debug|Any CPU
		{CF58C8AF-BF0B-4734-BDEF-FE7975BCFBA9}.Debug|Any CPU.Build.0 = Debug|Any CPU
		{CF58C8AF-BF0B-4734-BDEF-FE7975BCFBA9}.Release|Any CPU.ActiveCfg = Release|Any CPU
		{CF58C8AF-BF0B-4734-BDEF-FE7975BCFBA9}.Release|Any CPU.Build.0 = Release|Any CPU
		{FB06005B-6FE2-4682-9747-4FDEE1597824}.Debug|Any CPU.ActiveCfg = Debug|Any CPU
		{FB06005B-6FE2-4682-9747-4FDEE1597824}.Debug|Any CPU.Build.0 = Debug|Any CPU
		{FB06005B-6FE2-4682-9747-4FDEE1597824}.Release|Any CPU.ActiveCfg = Release|Any CPU
		{FB06005B-6FE2-4682-9747-4FDEE1597824}.Release|Any CPU.Build.0 = Release|Any CPU
		{098942EF-6442-4E55-9F49-778FB65DA726}.Debug|Any CPU.ActiveCfg = Debug|Any CPU
		{098942EF-6442-4E55-9F49-778FB65DA726}.Debug|Any CPU.Build.0 = Debug|Any CPU
		{098942EF-6442-4E55-9F49-778FB65DA726}.Release|Any CPU.ActiveCfg = Release|Any CPU
		{098942EF-6442-4E55-9F49-778FB65DA726}.Release|Any CPU.Build.0 = Release|Any CPU
	EndGlobalSection
	GlobalSection(SolutionProperties) = preSolution
		HideSolutionNode = FALSE
	EndGlobalSection
	GlobalSection(NestedProjects) = preSolution
		{874FB8F7-0FEF-4011-9628-A909684AA74B} = {33DE7D6D-F9CE-4C03-9BA1-FD9E6D7D6491}
		{241E0624-0C92-4CFF-B19F-71E89592CC4A} = {33DE7D6D-F9CE-4C03-9BA1-FD9E6D7D6491}
		{ED930AA6-5D8C-402C-941C-D02C7CE4DA4B} = {33DE7D6D-F9CE-4C03-9BA1-FD9E6D7D6491}
		{91471A0D-EE4C-4D1A-8D1C-6DBDA0690F3D} = {4B296141-6BA2-4F3A-8E4F-221B304786AA}
		{E705C618-2AD9-4630-9753-AD344EF140F3} = {4B296141-6BA2-4F3A-8E4F-221B304786AA}
		{CF58C8AF-BF0B-4734-BDEF-FE7975BCFBA9} = {4B296141-6BA2-4F3A-8E4F-221B304786AA}
		{FB06005B-6FE2-4682-9747-4FDEE1597824} = {4B296141-6BA2-4F3A-8E4F-221B304786AA}
		{098942EF-6442-4E55-9F49-778FB65DA726} = {53CFAF44-30A3-4ECF-9DA5-4F46BB7D8493}
	EndGlobalSection
	GlobalSection(ExtensibilityGlobals) = postSolution
		SolutionGuid = {0D45DCE5-DF88-4486-8C8A-4139164D0BFF}
	EndGlobalSection
EndGlobal
